
Microsoft Visual Studio Solution File, Format Version 12.00
# Visual Studio Version 16
VisualStudioVersion = 16.0.30406.217
MinimumVisualStudioVersion = 10.0.40219.1
Project("{FAE04EC0-301F-11D3-BF4B-00C04F79EFBC}") = "CountingVowels", "CountingVowels.csproj", "{D0100134-BF8B-47CD-BD00-5F7761505DF2}"
EndProject
Global
	GlobalSection(SolutionConfigurationPlatforms) = preSolution
		Debug|Any CPU = Debug|Any CPU
		Release|Any CPU = Release|Any CPU
	EndGlobalSection
	GlobalSection(ProjectConfigurationPlatforms) = postSolution
		{D0100134-BF8B-47CD-BD00-5F7761505DF2}.Debug|Any CPU.ActiveCfg = Debug|Any CPU
		{D0100134-BF8B-47CD-BD00-5F7761505DF2}.Debug|Any CPU.Build.0 = Debug|Any CPU
		{D0100134-BF8B-47CD-BD00-5F7761505DF2}.Release|Any CPU.ActiveCfg = Release|Any CPU
		{D0100134-BF8B-47CD-BD00-5F7761505DF2}.Release|Any CPU.Build.0 = Release|Any CPU
	EndGlobalSection
	GlobalSection(SolutionProperties) = preSolution
		HideSolutionNode = FALSE
	EndGlobalSection
	GlobalSection(ExtensibilityGlobals) = postSolution
		SolutionGuid = {8C938589-3A86-4A6E-8D0E-77AD8F8F427C}
	EndGlobalSection
EndGlobal
